
Microsoft Visual Studio Solution File, Format Version 12.00
# Visual Studio 15
VisualStudioVersion = 15.0.27130.2003
MinimumVisualStudioVersion = 10.0.40219.1
Project("{9A19103F-16F7-4668-BE54-9A1E7A4F7556}") = "EssentialMVVM", "EssentialMVVM\EssentialMVVM.csproj", "{8AAFE1D3-665C-4BBA-A2C3-44643E936432}"
EndProject
Project("{FAE04EC0-301F-11D3-BF4B-00C04F79EFBC}") = "EssentialMVVM.Tests", "EssentialMVVM.Tests\EssentialMVVM.Tests.csproj", "{610E6368-6D42-4630-9D9A-68FF446F6D3B}"
EndProject
Global
	GlobalSection(SolutionConfigurationPlatforms) = preSolution
		Debug|Any CPU = Debug|Any CPU
		Release|Any CPU = Release|Any CPU
	EndGlobalSection
	GlobalSection(ProjectConfigurationPlatforms) = postSolution
		{8AAFE1D3-665C-4BBA-A2C3-44643E936432}.Debug|Any CPU.ActiveCfg = Debug|Any CPU
		{8AAFE1D3-665C-4BBA-A2C3-44643E936432}.Debug|Any CPU.Build.0 = Debug|Any CPU
		{8AAFE1D3-665C-4BBA-A2C3-44643E936432}.Release|Any CPU.ActiveCfg = Release|Any CPU
		{8AAFE1D3-665C-4BBA-A2C3-44643E936432}.Release|Any CPU.Build.0 = Release|Any CPU
		{610E6368-6D42-4630-9D9A-68FF446F6D3B}.Debug|Any CPU.ActiveCfg = Debug|Any CPU
		{610E6368-6D42-4630-9D9A-68FF446F6D3B}.Debug|Any CPU.Build.0 = Debug|Any CPU
		{610E6368-6D42-4630-9D9A-68FF446F6D3B}.Release|Any CPU.ActiveCfg = Release|Any CPU
		{610E6368-6D42-4630-9D9A-68FF446F6D3B}.Release|Any CPU.Build.0 = Release|Any CPU
	EndGlobalSection
	GlobalSection(SolutionProperties) = preSolution
		HideSolutionNode = FALSE
	EndGlobalSection
	GlobalSection(ExtensibilityGlobals) = postSolution
		SolutionGuid = {4E88A4DF-33BF-486B-AF5D-DA39F38E2BBC}
	EndGlobalSection
EndGlobal
